
Microsoft Visual Studio Solution File, Format Version 12.00
# Visual Studio Version 17
VisualStudioVersion = 17.10.34916.146
MinimumVisualStudioVersion = 10.0.40219.1
Project("{8BC9CEB8-8B4A-11D0-8D11-00A0C91BC942}") = "redo", "redo.vcxproj", "{A0F0FE5C-944E-436D-988E-B63FE7364EF8}"
EndProject
Global
	GlobalSection(SolutionConfigurationPlatforms) = preSolution
		Debug|x64 = Debug|x64
		Release|x64 = Release|x64
	EndGlobalSection
	GlobalSection(ProjectConfigurationPlatforms) = postSolution
		{A0F0FE5C-944E-436D-988E-B63FE7364EF8}.Debug|x64.ActiveCfg = Debug|x64
		{A0F0FE5C-944E-436D-988E-B63FE7364EF8}.Debug|x64.Build.0 = Debug|x64
		{A0F0FE5C-944E-436D-988E-B63FE7364EF8}.Release|x64.ActiveCfg = Release|x64
		{A0F0FE5C-944E-436D-988E-B63FE7364EF8}.Release|x64.Build.0 = Release|x64
	EndGlobalSection
	GlobalSection(SolutionProperties) = preSolution
		HideSolutionNode = FALSE
	EndGlobalSection
	GlobalSection(ExtensibilityGlobals) = postSolution
		SolutionGuid = {E026EF76-8CE2-466C-B94D-E0E6D15D907B}
	EndGlobalSection
EndGlobal
